
Microsoft Visual Studio Solution File, Format Version 12.00
# Visual Studio Version 17
VisualStudioVersion = 17.14.36202.13
MinimumVisualStudioVersion = 10.0.40219.1
Project("{FAE04EC0-301F-11D3-BF4B-00C04F79EFBC}") = "DLTD.GestionPm.API", "DLTD.GestionPm.API\DLTD.GestionPm.API.csproj", "{B07382DB-5131-4E40-9B1E-30B1B33DE543}"
EndProject
Project("{FAE04EC0-301F-11D3-BF4B-00C04F79EFBC}") = "DLTD.GestionPm.AccesoDatos", "DLTD.GestionPm.AccesoDatos\DLTD.GestionPm.AccesoDatos.csproj", "{81640AC8-3D4E-420E-8585-16FB2B78F10C}"
EndProject
Project("{FAE04EC0-301F-11D3-BF4B-00C04F79EFBC}") = "DLTD.GestionPm.Entidad", "DLTD.GestionPm.Entidad\DLTD.GestionPm.Entidad.csproj", "{2E14E5D2-E57D-4A7C-9D7C-C06D43E63475}"
EndProject
Project("{FAE04EC0-301F-11D3-BF4B-00C04F79EFBC}") = "DLTD.GestionPm.Repositorios", "DLTD.GestionPm.Repositorios\DLTD.GestionPm.Repositorios.csproj", "{6D5C1097-D220-4EE7-99E6-928F2A91ABA1}"
EndProject
Project("{FAE04EC0-301F-11D3-BF4B-00C04F79EFBC}") = "DLTD.GestionPm.Negocios", "DLTD.GestionPm.Negocios\DLTD.GestionPm.Negocios.csproj", "{43AA101A-B52C-4627-B209-0A135AFF28A3}"
EndProject
Project("{FAE04EC0-301F-11D3-BF4B-00C04F79EFBC}") = "DLTD.GestionPm.Comun", "DLTD.GestionPm.Comun\DLTD.GestionPm.Comun.csproj", "{786BE8D9-08F1-431B-A545-0480AD2F2367}"
EndProject
Project("{FAE04EC0-301F-11D3-BF4B-00C04F79EFBC}") = "DLTD.GestionPm.Dto", "DLTD.GestionPm.Dto\DLTD.GestionPm.Dto.csproj", "{8FDC5386-1694-424A-BF1E-113CC2412B50}"
EndProject
Project("{2150E333-8FDC-42A3-9474-1A3956D46DE8}") = "01.AccesoDatos", "01.AccesoDatos", "{02EA681E-C7D8-13C7-8484-4AC65E1B71E8}"
EndProject
Project("{2150E333-8FDC-42A3-9474-1A3956D46DE8}") = "02.Repositorios", "02.Repositorios", "{D3304A54-330A-4BCD-9F93-9231AE4A5492}"
EndProject
Project("{2150E333-8FDC-42A3-9474-1A3956D46DE8}") = "03.Negocios", "03.Negocios", "{EB7D8A52-65D6-4507-98D5-40B043E9961D}"
EndProject
Project("{2150E333-8FDC-42A3-9474-1A3956D46DE8}") = "04.Comun", "04.Comun", "{DDB0FB7E-B53D-408D-B6FF-A7E605B5257F}"
EndProject
Project("{2150E333-8FDC-42A3-9474-1A3956D46DE8}") = "05.Servidor", "05.Servidor", "{B95443B5-FEC8-4A57-8D8A-6BF199772005}"
EndProject
Project("{2150E333-8FDC-42A3-9474-1A3956D46DE8}") = "06.Cliente", "06.Cliente", "{5F9A4420-8369-4C2A-8FD5-26FFED78A3F7}"
EndProject
Global
	GlobalSection(SolutionConfigurationPlatforms) = preSolution
		Debug|Any CPU = Debug|Any CPU
		Release|Any CPU = Release|Any CPU
	EndGlobalSection
	GlobalSection(ProjectConfigurationPlatforms) = postSolution
		{B07382DB-5131-4E40-9B1E-30B1B33DE543}.Debug|Any CPU.ActiveCfg = Debug|Any CPU
		{B07382DB-5131-4E40-9B1E-30B1B33DE543}.Debug|Any CPU.Build.0 = Debug|Any CPU
		{B07382DB-5131-4E40-9B1E-30B1B33DE543}.Release|Any CPU.ActiveCfg = Release|Any CPU
		{B07382DB-5131-4E40-9B1E-30B1B33DE543}.Release|Any CPU.Build.0 = Release|Any CPU
		{81640AC8-3D4E-420E-8585-16FB2B78F10C}.Debug|Any CPU.ActiveCfg = Debug|Any CPU
		{81640AC8-3D4E-420E-8585-16FB2B78F10C}.Debug|Any CPU.Build.0 = Debug|Any CPU
		{81640AC8-3D4E-420E-8585-16FB2B78F10C}.Release|Any CPU.ActiveCfg = Release|Any CPU
		{81640AC8-3D4E-420E-8585-16FB2B78F10C}.Release|Any CPU.Build.0 = Release|Any CPU
		{2E14E5D2-E57D-4A7C-9D7C-C06D43E63475}.Debug|Any CPU.ActiveCfg = Debug|Any CPU
		{2E14E5D2-E57D-4A7C-9D7C-C06D43E63475}.Debug|Any CPU.Build.0 = Debug|Any CPU
		{2E14E5D2-E57D-4A7C-9D7C-C06D43E63475}.Release|Any CPU.ActiveCfg = Release|Any CPU
		{2E14E5D2-E57D-4A7C-9D7C-C06D43E63475}.Release|Any CPU.Build.0 = Release|Any CPU
		{6D5C1097-D220-4EE7-99E6-928F2A91ABA1}.Debug|Any CPU.ActiveCfg = Debug|Any CPU
		{6D5C1097-D220-4EE7-99E6-928F2A91ABA1}.Debug|Any CPU.Build.0 = Debug|Any CPU
		{6D5C1097-D220-4EE7-99E6-928F2A91ABA1}.Release|Any CPU.ActiveCfg = Release|Any CPU
		{6D5C1097-D220-4EE7-99E6-928F2A91ABA1}.Release|Any CPU.Build.0 = Release|Any CPU
		{43AA101A-B52C-4627-B209-0A135AFF28A3}.Debug|Any CPU.ActiveCfg = Debug|Any CPU
		{43AA101A-B52C-4627-B209-0A135AFF28A3}.Debug|Any CPU.Build.0 = Debug|Any CPU
		{43AA101A-B52C-4627-B209-0A135AFF28A3}.Release|Any CPU.ActiveCfg = Release|Any CPU
		{43AA101A-B52C-4627-B209-0A135AFF28A3}.Release|Any CPU.Build.0 = Release|Any CPU
		{786BE8D9-08F1-431B-A545-0480AD2F2367}.Debug|Any CPU.ActiveCfg = Debug|Any CPU
		{786BE8D9-08F1-431B-A545-0480AD2F2367}.Debug|Any CPU.Build.0 = Debug|Any CPU
		{786BE8D9-08F1-431B-A545-0480AD2F2367}.Release|Any CPU.ActiveCfg = Release|Any CPU
		{786BE8D9-08F1-431B-A545-0480AD2F2367}.Release|Any CPU.Build.0 = Release|Any CPU
		{8FDC5386-1694-424A-BF1E-113CC2412B50}.Debug|Any CPU.ActiveCfg = Debug|Any CPU
		{8FDC5386-1694-424A-BF1E-113CC2412B50}.Debug|Any CPU.Build.0 = Debug|Any CPU
		{8FDC5386-1694-424A-BF1E-113CC2412B50}.Release|Any CPU.ActiveCfg = Release|Any CPU
		{8FDC5386-1694-424A-BF1E-113CC2412B50}.Release|Any CPU.Build.0 = Release|Any CPU
	EndGlobalSection
	GlobalSection(SolutionProperties) = preSolution
		HideSolutionNode = FALSE
	EndGlobalSection
	GlobalSection(NestedProjects) = preSolution
		{B07382DB-5131-4E40-9B1E-30B1B33DE543} = {B95443B5-FEC8-4A57-8D8A-6BF199772005}
		{81640AC8-3D4E-420E-8585-16FB2B78F10C} = {02EA681E-C7D8-13C7-8484-4AC65E1B71E8}
		{2E14E5D2-E57D-4A7C-9D7C-C06D43E63475} = {02EA681E-C7D8-13C7-8484-4AC65E1B71E8}
		{6D5C1097-D220-4EE7-99E6-928F2A91ABA1} = {D3304A54-330A-4BCD-9F93-9231AE4A5492}
		{43AA101A-B52C-4627-B209-0A135AFF28A3} = {EB7D8A52-65D6-4507-98D5-40B043E9961D}
		{786BE8D9-08F1-431B-A545-0480AD2F2367} = {DDB0FB7E-B53D-408D-B6FF-A7E605B5257F}
		{8FDC5386-1694-424A-BF1E-113CC2412B50} = {DDB0FB7E-B53D-408D-B6FF-A7E605B5257F}
	EndGlobalSection
	GlobalSection(ExtensibilityGlobals) = postSolution
		SolutionGuid = {799CECAC-6FF1-488D-B958-598579178403}
	EndGlobalSection
EndGlobal
